
Microsoft Visual Studio Solution File, Format Version 12.00
# Visual Studio Version 17
VisualStudioVersion = 17.9.34723.18
MinimumVisualStudioVersion = 10.0.40219.1
Project("{FAE04EC0-301F-11D3-BF4B-00C04F79EFBC}") = "VanriseWinformWithSql", "VanriseWinformWithSql\VanriseWinformWithSql.csproj", "{5C7AD240-715C-4D1E-9266-178B398B3C3C}"
EndProject
Global
	GlobalSection(SolutionConfigurationPlatforms) = preSolution
		Debug|Any CPU = Debug|Any CPU
		Release|Any CPU = Release|Any CPU
	EndGlobalSection
	GlobalSection(ProjectConfigurationPlatforms) = postSolution
		{5C7AD240-715C-4D1E-9266-178B398B3C3C}.Debug|Any CPU.ActiveCfg = Debug|Any CPU
		{5C7AD240-715C-4D1E-9266-178B398B3C3C}.Debug|Any CPU.Build.0 = Debug|Any CPU
		{5C7AD240-715C-4D1E-9266-178B398B3C3C}.Release|Any CPU.ActiveCfg = Release|Any CPU
		{5C7AD240-715C-4D1E-9266-178B398B3C3C}.Release|Any CPU.Build.0 = Release|Any CPU
	EndGlobalSection
	GlobalSection(SolutionProperties) = preSolution
		HideSolutionNode = FALSE
	EndGlobalSection
	GlobalSection(ExtensibilityGlobals) = postSolution
		SolutionGuid = {E9EAFA3A-F27B-4206-8EA3-ABC7BEAC5E70}
	EndGlobalSection
EndGlobal
